{
  "requires": true,
  "lockfileVersion": 1,
  "dependencies": {
    "morris.js": {
      "version": "0.5.0",
      "resolved": "https://registry.npmjs.org/morris.js/-/morris.js-0.5.0.tgz",
      "integrity": "sha512-qNJUNEcJKzsQoE1OZNzJqmxsFVsuzgN72GUAcwfe6bBl7w381IzOYorRk0jsq2zEgCXC4DYnqQdYwzKjtvU1gg=="
    }
  }
}
